
Microsoft Visual Studio Solution File, Format Version 12.00
# Visual Studio 15
VisualStudioVersion = 15.0.26430.4
MinimumVisualStudioVersion = 10.0.40219.1
Project("{FAE04EC0-301F-11D3-BF4B-00C04F79EFBC}") = "BartlettAreTheQAs", "BartlettAreTheQAs\BartlettAreTheQAs.csproj", "{0A4494D8-BB1F-4288-913A-47607B7F7C97}"
EndProject
Project("{FAE04EC0-301F-11D3-BF4B-00C04F79EFBC}") = "Blog", "Blog\Blog.csproj", "{4E2B8B13-8D95-4847-B0E8-99B9E343F15B}"
EndProject
Global
	GlobalSection(SolutionConfigurationPlatforms) = preSolution
		Debug|Any CPU = Debug|Any CPU
		Debug|x86 = Debug|x86
		Release|Any CPU = Release|Any CPU
		Release|x86 = Release|x86
	EndGlobalSection
	GlobalSection(ProjectConfigurationPlatforms) = postSolution
		{0A4494D8-BB1F-4288-913A-47607B7F7C97}.Debug|Any CPU.ActiveCfg = Debug|x86
		{0A4494D8-BB1F-4288-913A-47607B7F7C97}.Debug|Any CPU.Build.0 = Debug|x86
		{0A4494D8-BB1F-4288-913A-47607B7F7C97}.Debug|x86.ActiveCfg = Debug|x86
		{0A4494D8-BB1F-4288-913A-47607B7F7C97}.Debug|x86.Build.0 = Debug|x86
		{0A4494D8-BB1F-4288-913A-47607B7F7C97}.Release|Any CPU.ActiveCfg = Debug|x86
		{0A4494D8-BB1F-4288-913A-47607B7F7C97}.Release|Any CPU.Build.0 = Debug|x86
		{0A4494D8-BB1F-4288-913A-47607B7F7C97}.Release|x86.ActiveCfg = Debug|x86
		{0A4494D8-BB1F-4288-913A-47607B7F7C97}.Release|x86.Build.0 = Debug|x86
		{4E2B8B13-8D95-4847-B0E8-99B9E343F15B}.Debug|Any CPU.ActiveCfg = Debug|Any CPU
		{4E2B8B13-8D95-4847-B0E8-99B9E343F15B}.Debug|Any CPU.Build.0 = Debug|Any CPU
		{4E2B8B13-8D95-4847-B0E8-99B9E343F15B}.Debug|x86.ActiveCfg = Release|Any CPU
		{4E2B8B13-8D95-4847-B0E8-99B9E343F15B}.Debug|x86.Build.0 = Release|Any CPU
		{4E2B8B13-8D95-4847-B0E8-99B9E343F15B}.Release|Any CPU.ActiveCfg = Release|Any CPU
		{4E2B8B13-8D95-4847-B0E8-99B9E343F15B}.Release|Any CPU.Build.0 = Release|Any CPU
		{4E2B8B13-8D95-4847-B0E8-99B9E343F15B}.Release|x86.ActiveCfg = Release|Any CPU
		{4E2B8B13-8D95-4847-B0E8-99B9E343F15B}.Release|x86.Build.0 = Release|Any CPU
	EndGlobalSection
	GlobalSection(SolutionProperties) = preSolution
		HideSolutionNode = FALSE
	EndGlobalSection
EndGlobal
